// !$*UTF8*$!
{
	archiveVersion = 1;
	classes = {
	};
	objectVersion = 56;
	objects = {

/* Begin PBXBuildFile section */
		72B28931D26366CEAE8F99A4 /* Pods_GoogleMap_GoogleMapUITests.framework in Frameworks */ = {isa = PBXBuildFile; fileRef = 31DE222A00E455FB64A92322 /* Pods_GoogleMap_GoogleMapUITests.framework */; };
		863E989C296BFB7F008A6E23 /* AuthorizationsView.swift in Sources */ = {isa = PBXBuildFile; fileRef = 863E989B296BFB7F008A6E23 /* AuthorizationsView.swift */; };
		863E989F296C03B1008A6E23 /* Extensions.swift in Sources */ = {isa = PBXBuildFile; fileRef = 863E989E296C03B1008A6E23 /* Extensions.swift */; };
		863E98A2296C04C7008A6E23 /* LoginView.swift in Sources */ = {isa = PBXBuildFile; fileRef = 863E98A1296C04C7008A6E23 /* LoginView.swift */; };
		863E98A4296C04D9008A6E23 /* RegistrationView.swift in Sources */ = {isa = PBXBuildFile; fileRef = 863E98A3296C04D9008A6E23 /* RegistrationView.swift */; };
		863E98A7296C0687008A6E23 /* CustomTextField.swift in Sources */ = {isa = PBXBuildFile; fileRef = 863E98A6296C0687008A6E23 /* CustomTextField.swift */; };
		863E98A9296C0AC7008A6E23 /* UserModel.swift in Sources */ = {isa = PBXBuildFile; fileRef = 863E98A8296C0AC7008A6E23 /* UserModel.swift */; };
		863E98AB296C4CA0008A6E23 /* AuthorizationsViewModel.swift in Sources */ = {isa = PBXBuildFile; fileRef = 863E98AA296C4CA0008A6E23 /* AuthorizationsViewModel.swift */; };
		864A230A294BB10D002DE344 /* MapView.swift in Sources */ = {isa = PBXBuildFile; fileRef = 864A2309294BB10D002DE344 /* MapView.swift */; };
		864A230D294BCC88002DE344 /* ApiToken.swift in Sources */ = {isa = PBXBuildFile; fileRef = 864A230C294BCC88002DE344 /* ApiToken.swift */; };
		8665953C294E776A001B7394 /* Realm in Frameworks */ = {isa = PBXBuildFile; productRef = 8665953B294E776A001B7394 /* Realm */; };
		8665953E294E776A001B7394 /* RealmSwift in Frameworks */ = {isa = PBXBuildFile; productRef = 8665953D294E776A001B7394 /* RealmSwift */; };
		86659541294E7CDE001B7394 /* RealmService.swift in Sources */ = {isa = PBXBuildFile; fileRef = 86659540294E7CDE001B7394 /* RealmService.swift */; };
		86659544294E7D91001B7394 /* RouteModel.swift in Sources */ = {isa = PBXBuildFile; fileRef = 86659543294E7D91001B7394 /* RouteModel.swift */; };
		8685FC32295DD9AD00C2F87F /* MainViewModel.swift in Sources */ = {isa = PBXBuildFile; fileRef = 8685FC31295DD9AD00C2F87F /* MainViewModel.swift */; };
		8685FC34295E4B4900C2F87F /* ResponsiveView.swift in Sources */ = {isa = PBXBuildFile; fileRef = 8685FC33295E4B4900C2F87F /* ResponsiveView.swift */; };
		8685FC36295E4BA200C2F87F /* MainView.swift in Sources */ = {isa = PBXBuildFile; fileRef = 8685FC35295E4BA200C2F87F /* MainView.swift */; };
		86A4D9E4294E0FCA00FDD52A /* Pods_GoogleMap.framework in Frameworks */ = {isa = PBXBuildFile; fileRef = 86A4D9E3294E0FCA00FDD52A /* Pods_GoogleMap.framework */; };
		86C0578F294B92020047F3E7 /* GoogleMapApp.swift in Sources */ = {isa = PBXBuildFile; fileRef = 86C0578E294B92020047F3E7 /* GoogleMapApp.swift */; };
		86C05791294B92020047F3E7 /* ContentView.swift in Sources */ = {isa = PBXBuildFile; fileRef = 86C05790294B92020047F3E7 /* ContentView.swift */; };
		86C05793294B92030047F3E7 /* Assets.xcassets in Resources */ = {isa = PBXBuildFile; fileRef = 86C05792294B92030047F3E7 /* Assets.xcassets */; };
		86C05796294B92030047F3E7 /* Preview Assets.xcassets in Resources */ = {isa = PBXBuildFile; fileRef = 86C05795294B92030047F3E7 /* Preview Assets.xcassets */; };
		86C057A0294B92030047F3E7 /* GoogleMapTests.swift in Sources */ = {isa = PBXBuildFile; fileRef = 86C0579F294B92030047F3E7 /* GoogleMapTests.swift */; };
		86C057AA294B92030047F3E7 /* GoogleMapUITests.swift in Sources */ = {isa = PBXBuildFile; fileRef = 86C057A9294B92030047F3E7 /* GoogleMapUITests.swift */; };
		86C057AC294B92030047F3E7 /* GoogleMapUITestsLaunchTests.swift in Sources */ = {isa = PBXBuildFile; fileRef = 86C057AB294B92030047F3E7 /* GoogleMapUITestsLaunchTests.swift */; };
		86C057BB294B9AD00047F3E7 /* AppDelegate.swift in Sources */ = {isa = PBXBuildFile; fileRef = 86C057BA294B9AD00047F3E7 /* AppDelegate.swift */; };
		86C057BF294B9B5A0047F3E7 /* LocationService.swift in Sources */ = {isa = PBXBuildFile; fileRef = 86C057BE294B9B5A0047F3E7 /* LocationService.swift */; };
		A8B99B751598A6B991A5F108 /* Pods_GoogleMapTests.framework in Frameworks */ = {isa = PBXBuildFile; fileRef = 703E24D8A854CD5BABCB98F1 /* Pods_GoogleMapTests.framework */; };
/* End PBXBuildFile section */

/* Begin PBXContainerItemProxy section */
		86C0579C294B92030047F3E7 /* PBXContainerItemProxy */ = {
			isa = PBXContainerItemProxy;
			containerPortal = 86C05783294B92020047F3E7 /* Project object */;
			proxyType = 1;
			remoteGlobalIDString = 86C0578A294B92020047F3E7;
			remoteInfo = GoogleMap;
		};
		86C057A6294B92030047F3E7 /* PBXContainerItemProxy */ = {
			isa = PBXContainerItemProxy;
			containerPortal = 86C05783294B92020047F3E7 /* Project object */;
			proxyType = 1;
			remoteGlobalIDString = 86C0578A294B92020047F3E7;
			remoteInfo = GoogleMap;
		};
/* End PBXContainerItemProxy section */

/* Begin PBXFileReference section */
		23E1DF406A2DA2F868B5A052 /* Pods_GoogleMap.framework */ = {isa = PBXFileReference; explicitFileType = wrapper.framework; includeInIndex = 0; path = Pods_GoogleMap.framework; sourceTree = BUILT_PRODUCTS_DIR; };
		31DE222A00E455FB64A92322 /* Pods_GoogleMap_GoogleMapUITests.framework */ = {isa = PBXFileReference; explicitFileType = wrapper.framework; includeInIndex = 0; path = Pods_GoogleMap_GoogleMapUITests.framework; sourceTree = BUILT_PRODUCTS_DIR; };
		3FB2FC3331E53096C57FF520 /* Pods-GoogleMapTests.release.xcconfig */ = {isa = PBXFileReference; includeInIndex = 1; lastKnownFileType = text.xcconfig; name = "Pods-GoogleMapTests.release.xcconfig"; path = "Target Support Files/Pods-GoogleMapTests/Pods-GoogleMapTests.release.xcconfig"; sourceTree = "<group>"; };
		703E24D8A854CD5BABCB98F1 /* Pods_GoogleMapTests.framework */ = {isa = PBXFileReference; explicitFileType = wrapper.framework; includeInIndex = 0; path = Pods_GoogleMapTests.framework; sourceTree = BUILT_PRODUCTS_DIR; };
		860F7E53294CBC0900B5FA21 /* Realm.framework */ = {isa = PBXFileReference; explicitFileType = wrapper.framework; path = Realm.framework; sourceTree = BUILT_PRODUCTS_DIR; };
		863E989B296BFB7F008A6E23 /* AuthorizationsView.swift */ = {isa = PBXFileReference; lastKnownFileType = sourcecode.swift; path = AuthorizationsView.swift; sourceTree = "<group>"; };
		863E989E296C03B1008A6E23 /* Extensions.swift */ = {isa = PBXFileReference; lastKnownFileType = sourcecode.swift; path = Extensions.swift; sourceTree = "<group>"; };
		863E98A1296C04C7008A6E23 /* LoginView.swift */ = {isa = PBXFileReference; lastKnownFileType = sourcecode.swift; path = LoginView.swift; sourceTree = "<group>"; };
		863E98A3296C04D9008A6E23 /* RegistrationView.swift */ = {isa = PBXFileReference; lastKnownFileType = sourcecode.swift; path = RegistrationView.swift; sourceTree = "<group>"; };
		863E98A6296C0687008A6E23 /* CustomTextField.swift */ = {isa = PBXFileReference; lastKnownFileType = sourcecode.swift; path = CustomTextField.swift; sourceTree = "<group>"; };
		863E98A8296C0AC7008A6E23 /* UserModel.swift */ = {isa = PBXFileReference; lastKnownFileType = sourcecode.swift; path = UserModel.swift; sourceTree = "<group>"; };
		863E98AA296C4CA0008A6E23 /* AuthorizationsViewModel.swift */ = {isa = PBXFileReference; lastKnownFileType = sourcecode.swift; path = AuthorizationsViewModel.swift; sourceTree = "<group>"; };
		864A2309294BB10D002DE344 /* MapView.swift */ = {isa = PBXFileReference; lastKnownFileType = sourcecode.swift; path = MapView.swift; sourceTree = "<group>"; };
		864A230C294BCC88002DE344 /* ApiToken.swift */ = {isa = PBXFileReference; lastKnownFileType = sourcecode.swift; path = ApiToken.swift; sourceTree = "<group>"; };
		864A2310294C99EA002DE344 /* RealmSwift.framework */ = {isa = PBXFileReference; explicitFileType = wrapper.framework; path = RealmSwift.framework; sourceTree = BUILT_PRODUCTS_DIR; };
		864A2312294C99EF002DE344 /* Realm.framework */ = {isa = PBXFileReference; explicitFileType = wrapper.framework; path = Realm.framework; sourceTree = BUILT_PRODUCTS_DIR; };
		86659540294E7CDE001B7394 /* RealmService.swift */ = {isa = PBXFileReference; lastKnownFileType = sourcecode.swift; path = RealmService.swift; sourceTree = "<group>"; };
		86659543294E7D91001B7394 /* RouteModel.swift */ = {isa = PBXFileReference; lastKnownFileType = sourcecode.swift; path = RouteModel.swift; sourceTree = "<group>"; };
		8685FC31295DD9AD00C2F87F /* MainViewModel.swift */ = {isa = PBXFileReference; lastKnownFileType = sourcecode.swift; path = MainViewModel.swift; sourceTree = "<group>"; };
		8685FC33295E4B4900C2F87F /* ResponsiveView.swift */ = {isa = PBXFileReference; lastKnownFileType = sourcecode.swift; path = ResponsiveView.swift; sourceTree = "<group>"; };
		8685FC35295E4BA200C2F87F /* MainView.swift */ = {isa = PBXFileReference; lastKnownFileType = sourcecode.swift; path = MainView.swift; sourceTree = "<group>"; };
		86A4D9E3294E0FCA00FDD52A /* Pods_GoogleMap.framework */ = {isa = PBXFileReference; explicitFileType = wrapper.framework; path = Pods_GoogleMap.framework; sourceTree = BUILT_PRODUCTS_DIR; };
		86A4D9E5294E350300FDD52A /* Info.plist */ = {isa = PBXFileReference; lastKnownFileType = text.plist; path = Info.plist; sourceTree = "<group>"; };
		86C0578B294B92020047F3E7 /* GoogleMap.app */ = {isa = PBXFileReference; explicitFileType = wrapper.application; includeInIndex = 0; path = GoogleMap.app; sourceTree = BUILT_PRODUCTS_DIR; };
		86C0578E294B92020047F3E7 /* GoogleMapApp.swift */ = {isa = PBXFileReference; lastKnownFileType = sourcecode.swift; path = GoogleMapApp.swift; sourceTree = "<group>"; };
		86C05790294B92020047F3E7 /* ContentView.swift */ = {isa = PBXFileReference; lastKnownFileType = sourcecode.swift; path = ContentView.swift; sourceTree = "<group>"; };
		86C05792294B92030047F3E7 /* Assets.xcassets */ = {isa = PBXFileReference; lastKnownFileType = folder.assetcatalog; path = Assets.xcassets; sourceTree = "<group>"; };
		86C05795294B92030047F3E7 /* Preview Assets.xcassets */ = {isa = PBXFileReference; lastKnownFileType = folder.assetcatalog; path = "Preview Assets.xcassets"; sourceTree = "<group>"; };
		86C0579B294B92030047F3E7 /* GoogleMapTests.xctest */ = {isa = PBXFileReference; explicitFileType = wrapper.cfbundle; includeInIndex = 0; path = GoogleMapTests.xctest; sourceTree = BUILT_PRODUCTS_DIR; };
		86C0579F294B92030047F3E7 /* GoogleMapTests.swift */ = {isa = PBXFileReference; lastKnownFileType = sourcecode.swift; path = GoogleMapTests.swift; sourceTree = "<group>"; };
		86C057A5294B92030047F3E7 /* GoogleMapUITests.xctest */ = {isa = PBXFileReference; explicitFileType = wrapper.cfbundle; includeInIndex = 0; path = GoogleMapUITests.xctest; sourceTree = BUILT_PRODUCTS_DIR; };
		86C057A9294B92030047F3E7 /* GoogleMapUITests.swift */ = {isa = PBXFileReference; lastKnownFileType = sourcecode.swift; path = GoogleMapUITests.swift; sourceTree = "<group>"; };
		86C057AB294B92030047F3E7 /* GoogleMapUITestsLaunchTests.swift */ = {isa = PBXFileReference; lastKnownFileType = sourcecode.swift; path = GoogleMapUITestsLaunchTests.swift; sourceTree = "<group>"; };
		86C057BA294B9AD00047F3E7 /* AppDelegate.swift */ = {isa = PBXFileReference; lastKnownFileType = sourcecode.swift; path = AppDelegate.swift; sourceTree = "<group>"; };
		86C057BE294B9B5A0047F3E7 /* LocationService.swift */ = {isa = PBXFileReference; lastKnownFileType = sourcecode.swift; path = LocationService.swift; sourceTree = "<group>"; };
		9B543FB37F7E1CCEC7FAA6B1 /* Pods-GoogleMapTests.debug.xcconfig */ = {isa = PBXFileReference; includeInIndex = 1; lastKnownFileType = text.xcconfig; name = "Pods-GoogleMapTests.debug.xcconfig"; path = "Target Support Files/Pods-GoogleMapTests/Pods-GoogleMapTests.debug.xcconfig"; sourceTree = "<group>"; };
		E0BE83E3FBD3B8FD29CF8E86 /* Pods-GoogleMap-GoogleMapUITests.release.xcconfig */ = {isa = PBXFileReference; includeInIndex = 1; lastKnownFileType = text.xcconfig; name = "Pods-GoogleMap-GoogleMapUITests.release.xcconfig"; path = "Target Support Files/Pods-GoogleMap-GoogleMapUITests/Pods-GoogleMap-GoogleMapUITests.release.xcconfig"; sourceTree = "<group>"; };
		E119A100DE690B59C16C8B86 /* Pods-GoogleMap.debug.xcconfig */ = {isa = PBXFileReference; includeInIndex = 1; lastKnownFileType = text.xcconfig; name = "Pods-GoogleMap.debug.xcconfig"; path = "Target Support Files/Pods-GoogleMap/Pods-GoogleMap.debug.xcconfig"; sourceTree = "<group>"; };
		E88FF5D44CAF24B723A3C828 /* Pods-GoogleMap.release.xcconfig */ = {isa = PBXFileReference; includeInIndex = 1; lastKnownFileType = text.xcconfig; name = "Pods-GoogleMap.release.xcconfig"; path = "Target Support Files/Pods-GoogleMap/Pods-GoogleMap.release.xcconfig"; sourceTree = "<group>"; };
		FFA05E71DB58505E0B4F335F /* Pods-GoogleMap-GoogleMapUITests.debug.xcconfig */ = {isa = PBXFileReference; includeInIndex = 1; lastKnownFileType = text.xcconfig; name = "Pods-GoogleMap-GoogleMapUITests.debug.xcconfig"; path = "Target Support Files/Pods-GoogleMap-GoogleMapUITests/Pods-GoogleMap-GoogleMapUITests.debug.xcconfig"; sourceTree = "<group>"; };
/* End PBXFileReference section */

/* Begin PBXFrameworksBuildPhase section */
		86C05788294B92020047F3E7 /* Frameworks */ = {
			isa = PBXFrameworksBuildPhase;
			buildActionMask = 2147483647;
			files = (
				8665953E294E776A001B7394 /* RealmSwift in Frameworks */,
				8665953C294E776A001B7394 /* Realm in Frameworks */,
				86A4D9E4294E0FCA00FDD52A /* Pods_GoogleMap.framework in Frameworks */,
			);
			runOnlyForDeploymentPostprocessing = 0;
		};
		86C05798294B92030047F3E7 /* Frameworks */ = {
			isa = PBXFrameworksBuildPhase;
			buildActionMask = 2147483647;
			files = (
				A8B99B751598A6B991A5F108 /* Pods_GoogleMapTests.framework in Frameworks */,
			);
			runOnlyForDeploymentPostprocessing = 0;
		};
		86C057A2294B92030047F3E7 /* Frameworks */ = {
			isa = PBXFrameworksBuildPhase;
			buildActionMask = 2147483647;
			files = (
				72B28931D26366CEAE8F99A4 /* Pods_GoogleMap_GoogleMapUITests.framework in Frameworks */,
			);
			runOnlyForDeploymentPostprocessing = 0;
		};
/* End PBXFrameworksBuildPhase section */

/* Begin PBXGroup section */
		863E989D296C039F008A6E23 /* Extensions */ = {
			isa = PBXGroup;
			children = (
				863E989E296C03B1008A6E23 /* Extensions.swift */,
			);
			path = Extensions;
			sourceTree = "<group>";
		};
		863E98A0296C04B1008A6E23 /* Authentication */ = {
			isa = PBXGroup;
			children = (
				863E989B296BFB7F008A6E23 /* AuthorizationsView.swift */,
				863E98A1296C04C7008A6E23 /* LoginView.swift */,
				863E98A3296C04D9008A6E23 /* RegistrationView.swift */,
			);
			path = Authentication;
			sourceTree = "<group>";
		};
		863E98A5296C0678008A6E23 /* Components */ = {
			isa = PBXGroup;
			children = (
				863E98A6296C0687008A6E23 /* CustomTextField.swift */,
			);
			path = Components;
			sourceTree = "<group>";
		};
		8665953F294E7CC9001B7394 /* Service */ = {
			isa = PBXGroup;
			children = (
				86C057BE294B9B5A0047F3E7 /* LocationService.swift */,
				86659540294E7CDE001B7394 /* RealmService.swift */,
			);
			path = Service;
			sourceTree = "<group>";
		};
		86659542294E7D65001B7394 /* Model */ = {
			isa = PBXGroup;
			children = (
				86659543294E7D91001B7394 /* RouteModel.swift */,
				863E98A8296C0AC7008A6E23 /* UserModel.swift */,
			);
			path = Model;
			sourceTree = "<group>";
		};
		8685FC372964242B00C2F87F /* Resources */ = {
			isa = PBXGroup;
			children = (
				864A230C294BCC88002DE344 /* ApiToken.swift */,
				86C057BA294B9AD00047F3E7 /* AppDelegate.swift */,
				86C05790294B92020047F3E7 /* ContentView.swift */,
				86C0578E294B92020047F3E7 /* GoogleMapApp.swift */,
			);
			path = Resources;
			sourceTree = "<group>";
		};
		86C05782294B92020047F3E7 = {
			isa = PBXGroup;
			children = (
				86C0578D294B92020047F3E7 /* GoogleMap */,
				86C0579E294B92030047F3E7 /* GoogleMapTests */,
				86C057A8294B92030047F3E7 /* GoogleMapUITests */,
				86C0578C294B92020047F3E7 /* Products */,
				96D185631CEA9B42C466FCB6 /* Pods */,
				DBB55416C29A23F05C8ED77E /* Frameworks */,
			);
			sourceTree = "<group>";
		};
		86C0578C294B92020047F3E7 /* Products */ = {
			isa = PBXGroup;
			children = (
				86C0578B294B92020047F3E7 /* GoogleMap.app */,
				86C0579B294B92030047F3E7 /* GoogleMapTests.xctest */,
				86C057A5294B92030047F3E7 /* GoogleMapUITests.xctest */,
			);
			name = Products;
			sourceTree = "<group>";
		};
		86C0578D294B92020047F3E7 /* GoogleMap */ = {
			isa = PBXGroup;
			children = (
				863E98A5296C0678008A6E23 /* Components */,
				863E989D296C039F008A6E23 /* Extensions */,
				8685FC372964242B00C2F87F /* Resources */,
				8665953F294E7CC9001B7394 /* Service */,
				86659542294E7D65001B7394 /* Model */,
				86C057B8294B9AA90047F3E7 /* View */,
				86C057B9294B9AB30047F3E7 /* ViewModel */,
				86A4D9E5294E350300FDD52A /* Info.plist */,
				86C05792294B92030047F3E7 /* Assets.xcassets */,
				86C05794294B92030047F3E7 /* Preview Content */,
			);
			path = GoogleMap;
			sourceTree = "<group>";
		};
		86C05794294B92030047F3E7 /* Preview Content */ = {
			isa = PBXGroup;
			children = (
				86C05795294B92030047F3E7 /* Preview Assets.xcassets */,
			);
			path = "Preview Content";
			sourceTree = "<group>";
		};
		86C0579E294B92030047F3E7 /* GoogleMapTests */ = {
			isa = PBXGroup;
			children = (
				86C0579F294B92030047F3E7 /* GoogleMapTests.swift */,
			);
			path = GoogleMapTests;
			sourceTree = "<group>";
		};
		86C057A8294B92030047F3E7 /* GoogleMapUITests */ = {
			isa = PBXGroup;
			children = (
				86C057A9294B92030047F3E7 /* GoogleMapUITests.swift */,
				86C057AB294B92030047F3E7 /* GoogleMapUITestsLaunchTests.swift */,
			);
			path = GoogleMapUITests;
			sourceTree = "<group>";
		};
		86C057B8294B9AA90047F3E7 /* View */ = {
			isa = PBXGroup;
			children = (
				863E98A0296C04B1008A6E23 /* Authentication */,
				864A2309294BB10D002DE344 /* MapView.swift */,
				8685FC33295E4B4900C2F87F /* ResponsiveView.swift */,
				8685FC35295E4BA200C2F87F /* MainView.swift */,
			);
			path = View;
			sourceTree = "<group>";
		};
		86C057B9294B9AB30047F3E7 /* ViewModel */ = {
			isa = PBXGroup;
			children = (
				8685FC31295DD9AD00C2F87F /* MainViewModel.swift */,
				863E98AA296C4CA0008A6E23 /* AuthorizationsViewModel.swift */,
			);
			path = ViewModel;
			sourceTree = "<group>";
		};
		96D185631CEA9B42C466FCB6 /* Pods */ = {
			isa = PBXGroup;
			children = (
				E119A100DE690B59C16C8B86 /* Pods-GoogleMap.debug.xcconfig */,
				E88FF5D44CAF24B723A3C828 /* Pods-GoogleMap.release.xcconfig */,
				FFA05E71DB58505E0B4F335F /* Pods-GoogleMap-GoogleMapUITests.debug.xcconfig */,
				E0BE83E3FBD3B8FD29CF8E86 /* Pods-GoogleMap-GoogleMapUITests.release.xcconfig */,
				9B543FB37F7E1CCEC7FAA6B1 /* Pods-GoogleMapTests.debug.xcconfig */,
				3FB2FC3331E53096C57FF520 /* Pods-GoogleMapTests.release.xcconfig */,
			);
			path = Pods;
			sourceTree = "<group>";
		};
		DBB55416C29A23F05C8ED77E /* Frameworks */ = {
			isa = PBXGroup;
			children = (
				86A4D9E3294E0FCA00FDD52A /* Pods_GoogleMap.framework */,
				860F7E53294CBC0900B5FA21 /* Realm.framework */,
				864A2312294C99EF002DE344 /* Realm.framework */,
				864A2310294C99EA002DE344 /* RealmSwift.framework */,
				23E1DF406A2DA2F868B5A052 /* Pods_GoogleMap.framework */,
				31DE222A00E455FB64A92322 /* Pods_GoogleMap_GoogleMapUITests.framework */,
				703E24D8A854CD5BABCB98F1 /* Pods_GoogleMapTests.framework */,
			);
			name = Frameworks;
			sourceTree = "<group>";
		};
/* End PBXGroup section */

/* Begin PBXNativeTarget section */
		86C0578A294B92020047F3E7 /* GoogleMap */ = {
			isa = PBXNativeTarget;
			buildConfigurationList = 86C057AF294B92030047F3E7 /* Build configuration list for PBXNativeTarget "GoogleMap" */;
			buildPhases = (
				B9DFBCEB4F88CF64D67223C3 /* [CP] Check Pods Manifest.lock */,
				86C05787294B92020047F3E7 /* Sources */,
				86C05788294B92020047F3E7 /* Frameworks */,
				86C05789294B92020047F3E7 /* Resources */,
				E2D57ED15323188355FF5CF7 /* [CP] Copy Pods Resources */,
			);
			buildRules = (
			);
			dependencies = (
			);
			name = GoogleMap;
			packageProductDependencies = (
				8665953B294E776A001B7394 /* Realm */,
				8665953D294E776A001B7394 /* RealmSwift */,
			);
			productName = GoogleMap;
			productReference = 86C0578B294B92020047F3E7 /* GoogleMap.app */;
			productType = "com.apple.product-type.application";
		};
		86C0579A294B92030047F3E7 /* GoogleMapTests */ = {
			isa = PBXNativeTarget;
			buildConfigurationList = 86C057B2294B92030047F3E7 /* Build configuration list for PBXNativeTarget "GoogleMapTests" */;
			buildPhases = (
				3094C9F4FAB26ABDBB56B96B /* [CP] Check Pods Manifest.lock */,
				86C05797294B92030047F3E7 /* Sources */,
				86C05798294B92030047F3E7 /* Frameworks */,
				86C05799294B92030047F3E7 /* Resources */,
			);
			buildRules = (
			);
			dependencies = (
				86C0579D294B92030047F3E7 /* PBXTargetDependency */,
			);
			name = GoogleMapTests;
			productName = GoogleMapTests;
			productReference = 86C0579B294B92030047F3E7 /* GoogleMapTests.xctest */;
			productType = "com.apple.product-type.bundle.unit-test";
		};
		86C057A4294B92030047F3E7 /* GoogleMapUITests */ = {
			isa = PBXNativeTarget;
			buildConfigurationList = 86C057B5294B92030047F3E7 /* Build configuration list for PBXNativeTarget "GoogleMapUITests" */;
			buildPhases = (
				78BDA74BC2C36D0F1E335395 /* [CP] Check Pods Manifest.lock */,
				86C057A1294B92030047F3E7 /* Sources */,
				86C057A2294B92030047F3E7 /* Frameworks */,
				86C057A3294B92030047F3E7 /* Resources */,
				46A0DE59179219A20E9F6A37 /* [CP] Copy Pods Resources */,
			);
			buildRules = (
			);
			dependencies = (
				86C057A7294B92030047F3E7 /* PBXTargetDependency */,
			);
			name = GoogleMapUITests;
			productName = GoogleMapUITests;
			productReference = 86C057A5294B92030047F3E7 /* GoogleMapUITests.xctest */;
			productType = "com.apple.product-type.bundle.ui-testing";
		};
/* End PBXNativeTarget section */

/* Begin PBXProject section */
		86C05783294B92020047F3E7 /* Project object */ = {
			isa = PBXProject;
			attributes = {
				BuildIndependentTargetsInParallel = 1;
				LastSwiftUpdateCheck = 1400;
				LastUpgradeCheck = 1400;
				TargetAttributes = {
					86C0578A294B92020047F3E7 = {
						CreatedOnToolsVersion = 14.0;
					};
					86C0579A294B92030047F3E7 = {
						CreatedOnToolsVersion = 14.0;
						TestTargetID = 86C0578A294B92020047F3E7;
					};
					86C057A4294B92030047F3E7 = {
						CreatedOnToolsVersion = 14.0;
						TestTargetID = 86C0578A294B92020047F3E7;
					};
				};
			};
			buildConfigurationList = 86C05786294B92020047F3E7 /* Build configuration list for PBXProject "GoogleMap" */;
			compatibilityVersion = "Xcode 14.0";
			developmentRegion = en;
			hasScannedForEncodings = 0;
			knownRegions = (
				en,
				Base,
			);
			mainGroup = 86C05782294B92020047F3E7;
			packageReferences = (
				8665953A294E776A001B7394 /* XCRemoteSwiftPackageReference "realm-swift" */,
			);
			productRefGroup = 86C0578C294B92020047F3E7 /* Products */;
			projectDirPath = "";
			projectRoot = "";
			targets = (
				86C0578A294B92020047F3E7 /* GoogleMap */,
				86C0579A294B92030047F3E7 /* GoogleMapTests */,
				86C057A4294B92030047F3E7 /* GoogleMapUITests */,
			);
		};
/* End PBXProject section */

/* Begin PBXResourcesBuildPhase section */
		86C05789294B92020047F3E7 /* Resources */ = {
			isa = PBXResourcesBuildPhase;
			buildActionMask = 2147483647;
			files = (
				86C05796294B92030047F3E7 /* Preview Assets.xcassets in Resources */,
				86C05793294B92030047F3E7 /* Assets.xcassets in Resources */,
			);
			runOnlyForDeploymentPostprocessing = 0;
		};
		86C05799294B92030047F3E7 /* Resources */ = {
			isa = PBXResourcesBuildPhase;
			buildActionMask = 2147483647;
			files = (
			);
			runOnlyForDeploymentPostprocessing = 0;
		};
		86C057A3294B92030047F3E7 /* Resources */ = {
			isa = PBXResourcesBuildPhase;
			buildActionMask = 2147483647;
			files = (
			);
			runOnlyForDeploymentPostprocessing = 0;
		};
/* End PBXResourcesBuildPhase section */

/* Begin PBXShellScriptBuildPhase section */
		3094C9F4FAB26ABDBB56B96B /* [CP] Check Pods Manifest.lock */ = {
			isa = PBXShellScriptBuildPhase;
			buildActionMask = 2147483647;
			files = (
			);
			inputFileListPaths = (
			);
			inputPaths = (
				"${PODS_PODFILE_DIR_PATH}/Podfile.lock",
				"${PODS_ROOT}/Manifest.lock",
			);
			name = "[CP] Check Pods Manifest.lock";
			outputFileListPaths = (
			);
			outputPaths = (
				"$(DERIVED_FILE_DIR)/Pods-GoogleMapTests-checkManifestLockResult.txt",
			);
			runOnlyForDeploymentPostprocessing = 0;
			shellPath = /bin/sh;
			shellScript = "diff \"${PODS_PODFILE_DIR_PATH}/Podfile.lock\" \"${PODS_ROOT}/Manifest.lock\" > /dev/null\nif [ $? != 0 ] ; then\n    # print error to STDERR\n    echo \"error: The sandbox is not in sync with the Podfile.lock. Run 'pod install' or update your CocoaPods installation.\" >&2\n    exit 1\nfi\n# This output is used by Xcode 'outputs' to avoid re-running this script phase.\necho \"SUCCESS\" > \"${SCRIPT_OUTPUT_FILE_0}\"\n";
			showEnvVarsInLog = 0;
		};
		46A0DE59179219A20E9F6A37 /* [CP] Copy Pods Resources */ = {
			isa = PBXShellScriptBuildPhase;
			buildActionMask = 2147483647;
			files = (
			);
			inputFileListPaths = (
				"${PODS_ROOT}/Target Support Files/Pods-GoogleMap-GoogleMapUITests/Pods-GoogleMap-GoogleMapUITests-resources-${CONFIGURATION}-input-files.xcfilelist",
			);
			name = "[CP] Copy Pods Resources";
			outputFileListPaths = (
				"${PODS_ROOT}/Target Support Files/Pods-GoogleMap-GoogleMapUITests/Pods-GoogleMap-GoogleMapUITests-resources-${CONFIGURATION}-output-files.xcfilelist",
			);
			runOnlyForDeploymentPostprocessing = 0;
			shellPath = /bin/sh;
			shellScript = "\"${PODS_ROOT}/Target Support Files/Pods-GoogleMap-GoogleMapUITests/Pods-GoogleMap-GoogleMapUITests-resources.sh\"\n";
			showEnvVarsInLog = 0;
		};
		78BDA74BC2C36D0F1E335395 /* [CP] Check Pods Manifest.lock */ = {
			isa = PBXShellScriptBuildPhase;
			buildActionMask = 2147483647;
			files = (
			);
			inputFileListPaths = (
			);
			inputPaths = (
				"${PODS_PODFILE_DIR_PATH}/Podfile.lock",
				"${PODS_ROOT}/Manifest.lock",
			);
			name = "[CP] Check Pods Manifest.lock";
			outputFileListPaths = (
			);
			outputPaths = (
				"$(DERIVED_FILE_DIR)/Pods-GoogleMap-GoogleMapUITests-checkManifestLockResult.txt",
			);
			runOnlyForDeploymentPostprocessing = 0;
			shellPath = /bin/sh;
			shellScript = "diff \"${PODS_PODFILE_DIR_PATH}/Podfile.lock\" \"${PODS_ROOT}/Manifest.lock\" > /dev/null\nif [ $? != 0 ] ; then\n    # print error to STDERR\n    echo \"error: The sandbox is not in sync with the Podfile.lock. Run 'pod install' or update your CocoaPods installation.\" >&2\n    exit 1\nfi\n# This output is used by Xcode 'outputs' to avoid re-running this script phase.\necho \"SUCCESS\" > \"${SCRIPT_OUTPUT_FILE_0}\"\n";
			showEnvVarsInLog = 0;
		};
		B9DFBCEB4F88CF64D67223C3 /* [CP] Check Pods Manifest.lock */ = {
			isa = PBXShellScriptBuildPhase;
			buildActionMask = 2147483647;
			files = (
			);
			inputFileListPaths = (
			);
			inputPaths = (
				"${PODS_PODFILE_DIR_PATH}/Podfile.lock",
				"${PODS_ROOT}/Manifest.lock",
			);
			name = "[CP] Check Pods Manifest.lock";
			outputFileListPaths = (
			);
			outputPaths = (
				"$(DERIVED_FILE_DIR)/Pods-GoogleMap-checkManifestLockResult.txt",
			);
			runOnlyForDeploymentPostprocessing = 0;
			shellPath = /bin/sh;
			shellScript = "diff \"${PODS_PODFILE_DIR_PATH}/Podfile.lock\" \"${PODS_ROOT}/Manifest.lock\" > /dev/null\nif [ $? != 0 ] ; then\n    # print error to STDERR\n    echo \"error: The sandbox is not in sync with the Podfile.lock. Run 'pod install' or update your CocoaPods installation.\" >&2\n    exit 1\nfi\n# This output is used by Xcode 'outputs' to avoid re-running this script phase.\necho \"SUCCESS\" > \"${SCRIPT_OUTPUT_FILE_0}\"\n";
			showEnvVarsInLog = 0;
		};
		E2D57ED15323188355FF5CF7 /* [CP] Copy Pods Resources */ = {
			isa = PBXShellScriptBuildPhase;
			buildActionMask = 2147483647;
			files = (
			);
			inputFileListPaths = (
				"${PODS_ROOT}/Target Support Files/Pods-GoogleMap/Pods-GoogleMap-resources-${CONFIGURATION}-input-files.xcfilelist",
			);
			inputPaths = (
				"${PODS_ROOT}/Target Support Files/Pods-GoogleMap/Pods-GoogleMap-resources-${CONFIGURATION}-input-files.xcfilelist",
			);
			name = "[CP] Copy Pods Resources";
			outputFileListPaths = (
				"${PODS_ROOT}/Target Support Files/Pods-GoogleMap/Pods-GoogleMap-resources-${CONFIGURATION}-output-files.xcfilelist",
			);
			runOnlyForDeploymentPostprocessing = 0;
			shellPath = /bin/sh;
			shellScript = "\"${PODS_ROOT}/Target Support Files/Pods-GoogleMap/Pods-GoogleMap-resources.sh\"\n";
			showEnvVarsInLog = 0;
		};
/* End PBXShellScriptBuildPhase section */

/* Begin PBXSourcesBuildPhase section */
		86C05787294B92020047F3E7 /* Sources */ = {
			isa = PBXSourcesBuildPhase;
			buildActionMask = 2147483647;
			files = (
				864A230A294BB10D002DE344 /* MapView.swift in Sources */,
				8685FC36295E4BA200C2F87F /* MainView.swift in Sources */,
				863E989C296BFB7F008A6E23 /* AuthorizationsView.swift in Sources */,
				8685FC32295DD9AD00C2F87F /* MainViewModel.swift in Sources */,
				863E98AB296C4CA0008A6E23 /* AuthorizationsViewModel.swift in Sources */,
				863E98A7296C0687008A6E23 /* CustomTextField.swift in Sources */,
				86C057BB294B9AD00047F3E7 /* AppDelegate.swift in Sources */,
				86C057BF294B9B5A0047F3E7 /* LocationService.swift in Sources */,
				863E98A9296C0AC7008A6E23 /* UserModel.swift in Sources */,
				86659544294E7D91001B7394 /* RouteModel.swift in Sources */,
				86C05791294B92020047F3E7 /* ContentView.swift in Sources */,
				863E98A2296C04C7008A6E23 /* LoginView.swift in Sources */,
				863E98A4296C04D9008A6E23 /* RegistrationView.swift in Sources */,
				863E989F296C03B1008A6E23 /* Extensions.swift in Sources */,
				86C0578F294B92020047F3E7 /* GoogleMapApp.swift in Sources */,
				864A230D294BCC88002DE344 /* ApiToken.swift in Sources */,
				86659541294E7CDE001B7394 /* RealmService.swift in Sources */,
				8685FC34295E4B4900C2F87F /* ResponsiveView.swift in Sources */,
			);
			runOnlyForDeploymentPostprocessing = 0;
		};
		86C05797294B92030047F3E7 /* Sources */ = {
			isa = PBXSourcesBuildPhase;
			buildActionMask = 2147483647;
			files = (
				86C057A0294B92030047F3E7 /* GoogleMapTests.swift in Sources */,
			);
			runOnlyForDeploymentPostprocessing = 0;
		};
		86C057A1294B92030047F3E7 /* Sources */ = {
			isa = PBXSourcesBuildPhase;
			buildActionMask = 2147483647;
			files = (
				86C057AC294B92030047F3E7 /* GoogleMapUITestsLaunchTests.swift in Sources */,
				86C057AA294B92030047F3E7 /* GoogleMapUITests.swift in Sources */,
			);
			runOnlyForDeploymentPostprocessing = 0;
		};
/* End PBXSourcesBuildPhase section */

/* Begin PBXTargetDependency section */
		86C0579D294B92030047F3E7 /* PBXTargetDependency */ = {
			isa = PBXTargetDependency;
			target = 86C0578A294B92020047F3E7 /* GoogleMap */;
			targetProxy = 86C0579C294B92030047F3E7 /* PBXContainerItemProxy */;
		};
		86C057A7294B92030047F3E7 /* PBXTargetDependency */ = {
			isa = PBXTargetDependency;
			target = 86C0578A294B92020047F3E7 /* GoogleMap */;
			targetProxy = 86C057A6294B92030047F3E7 /* PBXContainerItemProxy */;
		};
/* End PBXTargetDependency section */

/* Begin XCBuildConfiguration section */
		86C057AD294B92030047F3E7 /* Debug */ = {
			isa = XCBuildConfiguration;
			buildSettings = {
				ALWAYS_SEARCH_USER_PATHS = NO;
				CLANG_ANALYZER_NONNULL = YES;
				CLANG_ANALYZER_NUMBER_OBJECT_CONVERSION = YES_AGGRESSIVE;
				CLANG_CXX_LANGUAGE_STANDARD = "gnu++20";
				CLANG_ENABLE_MODULES = YES;
				CLANG_ENABLE_OBJC_ARC = YES;
				CLANG_ENABLE_OBJC_WEAK = YES;
				CLANG_WARN_BLOCK_CAPTURE_AUTORELEASING = YES;
				CLANG_WARN_BOOL_CONVERSION = YES;
				CLANG_WARN_COMMA = YES;
				CLANG_WARN_CONSTANT_CONVERSION = YES;
				CLANG_WARN_DEPRECATED_OBJC_IMPLEMENTATIONS = YES;
				CLANG_WARN_DIRECT_OBJC_ISA_USAGE = YES_ERROR;
				CLANG_WARN_DOCUMENTATION_COMMENTS = YES;
				CLANG_WARN_EMPTY_BODY = YES;
				CLANG_WARN_ENUM_CONVERSION = YES;
				CLANG_WARN_INFINITE_RECURSION = YES;
				CLANG_WARN_INT_CONVERSION = YES;
				CLANG_WARN_NON_LITERAL_NULL_CONVERSION = YES;
				CLANG_WARN_OBJC_IMPLICIT_RETAIN_SELF = YES;
				CLANG_WARN_OBJC_LITERAL_CONVERSION = YES;
				CLANG_WARN_OBJC_ROOT_CLASS = YES_ERROR;
				CLANG_WARN_QUOTED_INCLUDE_IN_FRAMEWORK_HEADER = YES;
				CLANG_WARN_RANGE_LOOP_ANALYSIS = YES;
				CLANG_WARN_STRICT_PROTOTYPES = YES;
				CLANG_WARN_SUSPICIOUS_MOVE = YES;
				CLANG_WARN_UNGUARDED_AVAILABILITY = YES_AGGRESSIVE;
				CLANG_WARN_UNREACHABLE_CODE = YES;
				CLANG_WARN__DUPLICATE_METHOD_MATCH = YES;
				COPY_PHASE_STRIP = NO;
				DEBUG_INFORMATION_FORMAT = dwarf;
				ENABLE_STRICT_OBJC_MSGSEND = YES;
				ENABLE_TESTABILITY = YES;
				EXCLUDED_ARCHS = "$(inherited)";
				"EXCLUDED_ARCHS[sdk=*]" = "";
				FRAMEWORK_SEARCH_PATHS = "$(inherited)";
				GCC_C_LANGUAGE_STANDARD = gnu11;
				GCC_DYNAMIC_NO_PIC = NO;
				GCC_NO_COMMON_BLOCKS = YES;
				GCC_OPTIMIZATION_LEVEL = 0;
				GCC_PREPROCESSOR_DEFINITIONS = (
					"DEBUG=1",
					"$(inherited)",
				);
				GCC_WARN_64_TO_32_BIT_CONVERSION = YES;
				GCC_WARN_ABOUT_RETURN_TYPE = YES_ERROR;
				GCC_WARN_UNDECLARED_SELECTOR = YES;
				GCC_WARN_UNINITIALIZED_AUTOS = YES_AGGRESSIVE;
				GCC_WARN_UNUSED_FUNCTION = YES;
				GCC_WARN_UNUSED_VARIABLE = YES;
				IPHONEOS_DEPLOYMENT_TARGET = 16.0;
				LIBRARY_SEARCH_PATHS = "$(inherited)";
				"LIBRARY_SEARCH_PATHS[arch=*]" = "$(inherited)";
				MTL_ENABLE_DEBUG_INFO = INCLUDE_SOURCE;
				MTL_FAST_MATH = YES;
				ONLY_ACTIVE_ARCH = YES;
				SDKROOT = iphoneos;
				SWIFT_ACTIVE_COMPILATION_CONDITIONS = DEBUG;
				SWIFT_OPTIMIZATION_LEVEL = "-Onone";
				SYSTEM_FRAMEWORK_SEARCH_PATHS = "$(inherited)";
			};
			name = Debug;
		};
		86C057AE294B92030047F3E7 /* Release */ = {
			isa = XCBuildConfiguration;
			buildSettings = {
				ALWAYS_SEARCH_USER_PATHS = NO;
				CLANG_ANALYZER_NONNULL = YES;
				CLANG_ANALYZER_NUMBER_OBJECT_CONVERSION = YES_AGGRESSIVE;
				CLANG_CXX_LANGUAGE_STANDARD = "gnu++20";
				CLANG_ENABLE_MODULES = YES;
				CLANG_ENABLE_OBJC_ARC = YES;
				CLANG_ENABLE_OBJC_WEAK = YES;
				CLANG_WARN_BLOCK_CAPTURE_AUTORELEASING = YES;
				CLANG_WARN_BOOL_CONVERSION = YES;
				CLANG_WARN_COMMA = YES;
				CLANG_WARN_CONSTANT_CONVERSION = YES;
				CLANG_WARN_DEPRECATED_OBJC_IMPLEMENTATIONS = YES;
				CLANG_WARN_DIRECT_OBJC_ISA_USAGE = YES_ERROR;
				CLANG_WARN_DOCUMENTATION_COMMENTS = YES;
				CLANG_WARN_EMPTY_BODY = YES;
				CLANG_WARN_ENUM_CONVERSION = YES;
				CLANG_WARN_INFINITE_RECURSION = YES;
				CLANG_WARN_INT_CONVERSION = YES;
				CLANG_WARN_NON_LITERAL_NULL_CONVERSION = YES;
				CLANG_WARN_OBJC_IMPLICIT_RETAIN_SELF = YES;
				CLANG_WARN_OBJC_LITERAL_CONVERSION = YES;
				CLANG_WARN_OBJC_ROOT_CLASS = YES_ERROR;
				CLANG_WARN_QUOTED_INCLUDE_IN_FRAMEWORK_HEADER = YES;
				CLANG_WARN_RANGE_LOOP_ANALYSIS = YES;
				CLANG_WARN_STRICT_PROTOTYPES = YES;
				CLANG_WARN_SUSPICIOUS_MOVE = YES;
				CLANG_WARN_UNGUARDED_AVAILABILITY = YES_AGGRESSIVE;
				CLANG_WARN_UNREACHABLE_CODE = YES;
				CLANG_WARN__DUPLICATE_METHOD_MATCH = YES;
				COPY_PHASE_STRIP = NO;
				DEBUG_INFORMATION_FORMAT = "dwarf-with-dsym";
				ENABLE_NS_ASSERTIONS = NO;
				ENABLE_STRICT_OBJC_MSGSEND = YES;
				EXCLUDED_ARCHS = "";
				"EXCLUDED_ARCHS[sdk=*]" = "";
				FRAMEWORK_SEARCH_PATHS = "$(inherited)";
				GCC_C_LANGUAGE_STANDARD = gnu11;
				GCC_NO_COMMON_BLOCKS = YES;
				GCC_WARN_64_TO_32_BIT_CONVERSION = YES;
				GCC_WARN_ABOUT_RETURN_TYPE = YES_ERROR;
				GCC_WARN_UNDECLARED_SELECTOR = YES;
				GCC_WARN_UNINITIALIZED_AUTOS = YES_AGGRESSIVE;
				GCC_WARN_UNUSED_FUNCTION = YES;
				GCC_WARN_UNUSED_VARIABLE = YES;
				IPHONEOS_DEPLOYMENT_TARGET = 16.0;
				LIBRARY_SEARCH_PATHS = "$(inherited)";
				"LIBRARY_SEARCH_PATHS[arch=*]" = "$(inherited)";
				MTL_ENABLE_DEBUG_INFO = NO;
				MTL_FAST_MATH = YES;
				SDKROOT = iphoneos;
				SWIFT_COMPILATION_MODE = wholemodule;
				SWIFT_OPTIMIZATION_LEVEL = "-O";
				SYSTEM_FRAMEWORK_SEARCH_PATHS = "$(inherited)";
				VALIDATE_PRODUCT = YES;
			};
			name = Release;
		};
		86C057B0294B92030047F3E7 /* Debug */ = {
			isa = XCBuildConfiguration;
			baseConfigurationReference = E119A100DE690B59C16C8B86 /* Pods-GoogleMap.debug.xcconfig */;
			buildSettings = {
				ALWAYS_EMBED_SWIFT_STANDARD_LIBRARIES = YES;
				ASSETCATALOG_COMPILER_APPICON_NAME = AppIcon;
				ASSETCATALOG_COMPILER_GLOBAL_ACCENT_COLOR_NAME = AccentColor;
				CODE_SIGN_STYLE = Automatic;
				CURRENT_PROJECT_VERSION = 1;
				DEVELOPMENT_ASSET_PATHS = "\"GoogleMap/Preview Content\"";
				DEVELOPMENT_TEAM = 7RQ87S3853;
				ENABLE_PREVIEWS = YES;
				EXCLUDED_ARCHS = "";
				FRAMEWORK_SEARCH_PATHS = "$(inherited)";
				GENERATE_INFOPLIST_FILE = YES;
				HEADER_SEARCH_PATHS = "$(inherited)";
				INFOPLIST_FILE = GoogleMap/Info.plist;
				INFOPLIST_KEY_NSLocationAlwaysAndWhenInUseUsageDescription = "Test google maps";
				INFOPLIST_KEY_NSLocationWhenInUseUsageDescription = "Test google maps";
				INFOPLIST_KEY_UIApplicationSceneManifest_Generation = YES;
				INFOPLIST_KEY_UIApplicationSupportsIndirectInputEvents = YES;
				INFOPLIST_KEY_UILaunchScreen_Generation = YES;
				INFOPLIST_KEY_UISupportedInterfaceOrientations_iPad = "UIInterfaceOrientationPortrait UIInterfaceOrientationPortraitUpsideDown UIInterfaceOrientationLandscapeLeft UIInterfaceOrientationLandscapeRight";
				INFOPLIST_KEY_UISupportedInterfaceOrientations_iPhone = "UIInterfaceOrientationPortrait UIInterfaceOrientationLandscapeLeft UIInterfaceOrientationLandscapeRight";
				IPHONEOS_DEPLOYMENT_TARGET = 16.0;
				LD_RUNPATH_SEARCH_PATHS = (
					"$(inherited)",
					"@executable_path/Frameworks",
				);
				LIBRARY_SEARCH_PATHS = "$(inherited)";
				MARKETING_VERSION = 1.0;
				PRODUCT_BUNDLE_IDENTIFIER = HKtechnologies.GoogleMap;
				PRODUCT_NAME = "$(TARGET_NAME)";
				SWIFT_EMIT_LOC_STRINGS = YES;
				SWIFT_VERSION = 5.0;
				SYSTEM_FRAMEWORK_SEARCH_PATHS = "$(inherited)";
				SYSTEM_HEADER_SEARCH_PATHS = "";
				"SYSTEM_HEADER_SEARCH_PATHS[arch=*]" = "$(inherited)";
				TARGETED_DEVICE_FAMILY = "1,2";
				USER_HEADER_SEARCH_PATHS = "";
				"USER_HEADER_SEARCH_PATHS[arch=*]" = "$(inherited)";
			};
			name = Debug;
		};
		86C057B1294B92030047F3E7 /* Release */ = {
			isa = XCBuildConfiguration;
			baseConfigurationReference = E88FF5D44CAF24B723A3C828 /* Pods-GoogleMap.release.xcconfig */;
			buildSettings = {
				ALWAYS_EMBED_SWIFT_STANDARD_LIBRARIES = YES;
				ASSETCATALOG_COMPILER_APPICON_NAME = AppIcon;
				ASSETCATALOG_COMPILER_GLOBAL_ACCENT_COLOR_NAME = AccentColor;
				CODE_SIGN_STYLE = Automatic;
				CURRENT_PROJECT_VERSION = 1;
				DEVELOPMENT_ASSET_PATHS = "\"GoogleMap/Preview Content\"";
				DEVELOPMENT_TEAM = 7RQ87S3853;
				ENABLE_PREVIEWS = YES;
				"EXCLUDED_ARCHS[sdk=*]" = "";
				FRAMEWORK_SEARCH_PATHS = (
					"$(inherited)",
					"\"${PODS_ROOT}/Realm\"",
					"\"${PODS_ROOT}/RealmSwift\"",
					"\"${PODS_ROOT}/GoogleMaps/Base/Frameworks\"",
					"\"${PODS_ROOT}/GoogleMaps/Maps/Frameworks\"",
					"\"${PODS_ROOT}/Realm/core\"",
				);
				GENERATE_INFOPLIST_FILE = YES;
				HEADER_SEARCH_PATHS = "$(inherited)";
				INFOPLIST_FILE = GoogleMap/Info.plist;
				INFOPLIST_KEY_NSLocationAlwaysAndWhenInUseUsageDescription = "Test google maps";
				INFOPLIST_KEY_NSLocationWhenInUseUsageDescription = "Test google maps";
				INFOPLIST_KEY_UIApplicationSceneManifest_Generation = YES;
				INFOPLIST_KEY_UIApplicationSupportsIndirectInputEvents = YES;
				INFOPLIST_KEY_UILaunchScreen_Generation = YES;
				INFOPLIST_KEY_UISupportedInterfaceOrientations_iPad = "UIInterfaceOrientationPortrait UIInterfaceOrientationPortraitUpsideDown UIInterfaceOrientationLandscapeLeft UIInterfaceOrientationLandscapeRight";
				INFOPLIST_KEY_UISupportedInterfaceOrientations_iPhone = "UIInterfaceOrientationPortrait UIInterfaceOrientationLandscapeLeft UIInterfaceOrientationLandscapeRight";
				IPHONEOS_DEPLOYMENT_TARGET = 16.0;
				LD_RUNPATH_SEARCH_PATHS = (
					"$(inherited)",
					"@executable_path/Frameworks",
				);
				LIBRARY_SEARCH_PATHS = "$(inherited)";
				MARKETING_VERSION = 1.0;
				PRODUCT_BUNDLE_IDENTIFIER = HKtechnologies.GoogleMap;
				PRODUCT_NAME = "$(TARGET_NAME)";
				SWIFT_EMIT_LOC_STRINGS = YES;
				SWIFT_VERSION = 5.0;
				SYSTEM_FRAMEWORK_SEARCH_PATHS = "$(inherited)";
				SYSTEM_HEADER_SEARCH_PATHS = "";
				"SYSTEM_HEADER_SEARCH_PATHS[arch=*]" = "$(inherited)";
				TARGETED_DEVICE_FAMILY = "1,2";
				USER_HEADER_SEARCH_PATHS = "";
				"USER_HEADER_SEARCH_PATHS[arch=*]" = "$(inherited)";
			};
			name = Release;
		};
		86C057B3294B92030047F3E7 /* Debug */ = {
			isa = XCBuildConfiguration;
			baseConfigurationReference = 9B543FB37F7E1CCEC7FAA6B1 /* Pods-GoogleMapTests.debug.xcconfig */;
			buildSettings = {
				ALWAYS_EMBED_SWIFT_STANDARD_LIBRARIES = YES;
				BUNDLE_LOADER = "$(TEST_HOST)";
				CODE_SIGN_STYLE = Automatic;
				CURRENT_PROJECT_VERSION = 1;
				DEVELOPMENT_TEAM = 7RQ87S3853;
				GENERATE_INFOPLIST_FILE = YES;
				IPHONEOS_DEPLOYMENT_TARGET = 16.0;
				MARKETING_VERSION = 1.0;
				PRODUCT_BUNDLE_IDENTIFIER = HKtechnologies.GoogleMapTests;
				PRODUCT_NAME = "$(TARGET_NAME)";
				SWIFT_EMIT_LOC_STRINGS = NO;
				SWIFT_VERSION = 5.0;
				TARGETED_DEVICE_FAMILY = "1,2";
				TEST_HOST = "$(BUILT_PRODUCTS_DIR)/GoogleMap.app/$(BUNDLE_EXECUTABLE_FOLDER_PATH)/GoogleMap";
			};
			name = Debug;
		};
		86C057B4294B92030047F3E7 /* Release */ = {
			isa = XCBuildConfiguration;
			baseConfigurationReference = 3FB2FC3331E53096C57FF520 /* Pods-GoogleMapTests.release.xcconfig */;
			buildSettings = {
				ALWAYS_EMBED_SWIFT_STANDARD_LIBRARIES = YES;
				BUNDLE_LOADER = "$(TEST_HOST)";
				CODE_SIGN_STYLE = Automatic;
				CURRENT_PROJECT_VERSION = 1;
				DEVELOPMENT_TEAM = 7RQ87S3853;
				GENERATE_INFOPLIST_FILE = YES;
				IPHONEOS_DEPLOYMENT_TARGET = 16.0;
				MARKETING_VERSION = 1.0;
				PRODUCT_BUNDLE_IDENTIFIER = HKtechnologies.GoogleMapTests;
				PRODUCT_NAME = "$(TARGET_NAME)";
				SWIFT_EMIT_LOC_STRINGS = NO;
				SWIFT_VERSION = 5.0;
				TARGETED_DEVICE_FAMILY = "1,2";
				TEST_HOST = "$(BUILT_PRODUCTS_DIR)/GoogleMap.app/$(BUNDLE_EXECUTABLE_FOLDER_PATH)/GoogleMap";
			};
			name = Release;
		};
		86C057B6294B92030047F3E7 /* Debug */ = {
			isa = XCBuildConfiguration;
			baseConfigurationReference = FFA05E71DB58505E0B4F335F /* Pods-GoogleMap-GoogleMapUITests.debug.xcconfig */;
			buildSettings = {
				ALWAYS_EMBED_SWIFT_STANDARD_LIBRARIES = YES;
				CODE_SIGN_STYLE = Automatic;
				CURRENT_PROJECT_VERSION = 1;
				DEVELOPMENT_TEAM = 7RQ87S3853;
				GENERATE_INFOPLIST_FILE = YES;
				MARKETING_VERSION = 1.0;
				PRODUCT_BUNDLE_IDENTIFIER = HKtechnologies.GoogleMapUITests;
				PRODUCT_NAME = "$(TARGET_NAME)";
				SWIFT_EMIT_LOC_STRINGS = NO;
				SWIFT_VERSION = 5.0;
				TARGETED_DEVICE_FAMILY = "1,2";
				TEST_TARGET_NAME = GoogleMap;
			};
			name = Debug;
		};
		86C057B7294B92030047F3E7 /* Release */ = {
			isa = XCBuildConfiguration;
			baseConfigurationReference = E0BE83E3FBD3B8FD29CF8E86 /* Pods-GoogleMap-GoogleMapUITests.release.xcconfig */;
			buildSettings = {
				ALWAYS_EMBED_SWIFT_STANDARD_LIBRARIES = YES;
				CODE_SIGN_STYLE = Automatic;
				CURRENT_PROJECT_VERSION = 1;
				DEVELOPMENT_TEAM = 7RQ87S3853;
				GENERATE_INFOPLIST_FILE = YES;
				MARKETING_VERSION = 1.0;
				PRODUCT_BUNDLE_IDENTIFIER = HKtechnologies.GoogleMapUITests;
				PRODUCT_NAME = "$(TARGET_NAME)";
				SWIFT_EMIT_LOC_STRINGS = NO;
				SWIFT_VERSION = 5.0;
				TARGETED_DEVICE_FAMILY = "1,2";
				TEST_TARGET_NAME = GoogleMap;
			};
			name = Release;
		};
/* End XCBuildConfiguration section */

/* Begin XCConfigurationList section */
		86C05786294B92020047F3E7 /* Build configuration list for PBXProject "GoogleMap" */ = {
			isa = XCConfigurationList;
			buildConfigurations = (
				86C057AD294B92030047F3E7 /* Debug */,
				86C057AE294B92030047F3E7 /* Release */,
			);
			defaultConfigurationIsVisible = 0;
			defaultConfigurationName = Release;
		};
		86C057AF294B92030047F3E7 /* Build configuration list for PBXNativeTarget "GoogleMap" */ = {
			isa = XCConfigurationList;
			buildConfigurations = (
				86C057B0294B92030047F3E7 /* Debug */,
				86C057B1294B92030047F3E7 /* Release */,
			);
			defaultConfigurationIsVisible = 0;
			defaultConfigurationName = Release;
		};
		86C057B2294B92030047F3E7 /* Build configuration list for PBXNativeTarget "GoogleMapTests" */ = {
			isa = XCConfigurationList;
			buildConfigurations = (
				86C057B3294B92030047F3E7 /* Debug */,
				86C057B4294B92030047F3E7 /* Release */,
			);
			defaultConfigurationIsVisible = 0;
			defaultConfigurationName = Release;
		};
		86C057B5294B92030047F3E7 /* Build configuration list for PBXNativeTarget "GoogleMapUITests" */ = {
			isa = XCConfigurationList;
			buildConfigurations = (
				86C057B6294B92030047F3E7 /* Debug */,
				86C057B7294B92030047F3E7 /* Release */,
			);
			defaultConfigurationIsVisible = 0;
			defaultConfigurationName = Release;
		};
/* End XCConfigurationList section */

/* Begin XCRemoteSwiftPackageReference section */
		8665953A294E776A001B7394 /* XCRemoteSwiftPackageReference "realm-swift" */ = {
			isa = XCRemoteSwiftPackageReference;
			repositoryURL = "https://github.com/realm/realm-swift.git";
			requirement = {
				branch = master;
				kind = branch;
			};
		};
/* End XCRemoteSwiftPackageReference section */

/* Begin XCSwiftPackageProductDependency section */
		8665953B294E776A001B7394 /* Realm */ = {
			isa = XCSwiftPackageProductDependency;
			package = 8665953A294E776A001B7394 /* XCRemoteSwiftPackageReference "realm-swift" */;
			productName = Realm;
		};
		8665953D294E776A001B7394 /* RealmSwift */ = {
			isa = XCSwiftPackageProductDependency;
			package = 8665953A294E776A001B7394 /* XCRemoteSwiftPackageReference "realm-swift" */;
			productName = RealmSwift;
		};
/* End XCSwiftPackageProductDependency section */
	};
	rootObject = 86C05783294B92020047F3E7 /* Project object */;
}
